
Microsoft Visual Studio Solution File, Format Version 12.00
# Visual Studio Version 16
VisualStudioVersion = 16.0.31729.503
MinimumVisualStudioVersion = 10.0.40219.1
Project("{FAE04EC0-301F-11D3-BF4B-00C04F79EFBC}") = "DAL_FacturacionElectronica", "FacturacionElectronica\DAL_FacturacionElectronica.csproj", "{B96C927E-4FC2-4AF5-A5FC-054BE923F46F}"
EndProject
Project("{FAE04EC0-301F-11D3-BF4B-00C04F79EFBC}") = "ENT_FacturacionElectronica", "EFacturacionElectronica\ENT_FacturacionElectronica.csproj", "{34968491-7A7F-4D94-87B0-59942F40F050}"
EndProject
Project("{FAE04EC0-301F-11D3-BF4B-00C04F79EFBC}") = "BLL_FacturacionElectronica", "BLL_FacturacionElectronica\BLL_FacturacionElectronica.csproj", "{A18D12A0-2017-4C78-BBD4-64608D1F09C7}"
EndProject
Project("{FAE04EC0-301F-11D3-BF4B-00C04F79EFBC}") = "WIN_FacturacionElectronica", "WIN_FacturacionElectronica\WIN_FacturacionElectronica.csproj", "{2BB9E02D-ADB3-42BB-8660-C590C5EA8E2F}"
EndProject
Project("{FAE04EC0-301F-11D3-BF4B-00C04F79EFBC}") = "WEB_Facturacion_Electronica", "WEB_Facturacion_Electronica\WEB_Facturacion_Electronica.csproj", "{10A109E5-D0F8-47CC-9B7C-D023B56CBB38}"
EndProject
Global
	GlobalSection(SolutionConfigurationPlatforms) = preSolution
		Debug|Any CPU = Debug|Any CPU
		Debug|ARM = Debug|ARM
		Debug|iPhone = Debug|iPhone
		Debug|iPhoneSimulator = Debug|iPhoneSimulator
		Debug|x64 = Debug|x64
		Debug|x86 = Debug|x86
		Release|Any CPU = Release|Any CPU
		Release|ARM = Release|ARM
		Release|iPhone = Release|iPhone
		Release|iPhoneSimulator = Release|iPhoneSimulator
		Release|x64 = Release|x64
		Release|x86 = Release|x86
	EndGlobalSection
	GlobalSection(ProjectConfigurationPlatforms) = postSolution
		{B96C927E-4FC2-4AF5-A5FC-054BE923F46F}.Debug|Any CPU.ActiveCfg = Debug|Any CPU
		{B96C927E-4FC2-4AF5-A5FC-054BE923F46F}.Debug|Any CPU.Build.0 = Debug|Any CPU
		{B96C927E-4FC2-4AF5-A5FC-054BE923F46F}.Debug|ARM.ActiveCfg = Debug|Any CPU
		{B96C927E-4FC2-4AF5-A5FC-054BE923F46F}.Debug|ARM.Build.0 = Debug|Any CPU
		{B96C927E-4FC2-4AF5-A5FC-054BE923F46F}.Debug|iPhone.ActiveCfg = Debug|Any CPU
		{B96C927E-4FC2-4AF5-A5FC-054BE923F46F}.Debug|iPhone.Build.0 = Debug|Any CPU
		{B96C927E-4FC2-4AF5-A5FC-054BE923F46F}.Debug|iPhoneSimulator.ActiveCfg = Debug|Any CPU
		{B96C927E-4FC2-4AF5-A5FC-054BE923F46F}.Debug|iPhoneSimulator.Build.0 = Debug|Any CPU
		{B96C927E-4FC2-4AF5-A5FC-054BE923F46F}.Debug|x64.ActiveCfg = Debug|Any CPU
		{B96C927E-4FC2-4AF5-A5FC-054BE923F46F}.Debug|x64.Build.0 = Debug|Any CPU
		{B96C927E-4FC2-4AF5-A5FC-054BE923F46F}.Debug|x86.ActiveCfg = Debug|Any CPU
		{B96C927E-4FC2-4AF5-A5FC-054BE923F46F}.Debug|x86.Build.0 = Debug|Any CPU
		{B96C927E-4FC2-4AF5-A5FC-054BE923F46F}.Release|Any CPU.ActiveCfg = Release|Any CPU
		{B96C927E-4FC2-4AF5-A5FC-054BE923F46F}.Release|Any CPU.Build.0 = Release|Any CPU
		{B96C927E-4FC2-4AF5-A5FC-054BE923F46F}.Release|ARM.ActiveCfg = Release|Any CPU
		{B96C927E-4FC2-4AF5-A5FC-054BE923F46F}.Release|ARM.Build.0 = Release|Any CPU
		{B96C927E-4FC2-4AF5-A5FC-054BE923F46F}.Release|iPhone.ActiveCfg = Release|Any CPU
		{B96C927E-4FC2-4AF5-A5FC-054BE923F46F}.Release|iPhone.Build.0 = Release|Any CPU
		{B96C927E-4FC2-4AF5-A5FC-054BE923F46F}.Release|iPhoneSimulator.ActiveCfg = Release|Any CPU
		{B96C927E-4FC2-4AF5-A5FC-054BE923F46F}.Release|iPhoneSimulator.Build.0 = Release|Any CPU
		{B96C927E-4FC2-4AF5-A5FC-054BE923F46F}.Release|x64.ActiveCfg = Release|Any CPU
		{B96C927E-4FC2-4AF5-A5FC-054BE923F46F}.Release|x64.Build.0 = Release|Any CPU
		{B96C927E-4FC2-4AF5-A5FC-054BE923F46F}.Release|x86.ActiveCfg = Release|Any CPU
		{B96C927E-4FC2-4AF5-A5FC-054BE923F46F}.Release|x86.Build.0 = Release|Any CPU
		{34968491-7A7F-4D94-87B0-59942F40F050}.Debug|Any CPU.ActiveCfg = Debug|Any CPU
		{34968491-7A7F-4D94-87B0-59942F40F050}.Debug|Any CPU.Build.0 = Debug|Any CPU
		{34968491-7A7F-4D94-87B0-59942F40F050}.Debug|ARM.ActiveCfg = Debug|Any CPU
		{34968491-7A7F-4D94-87B0-59942F40F050}.Debug|ARM.Build.0 = Debug|Any CPU
		{34968491-7A7F-4D94-87B0-59942F40F050}.Debug|iPhone.ActiveCfg = Debug|Any CPU
		{34968491-7A7F-4D94-87B0-59942F40F050}.Debug|iPhone.Build.0 = Debug|Any CPU
		{34968491-7A7F-4D94-87B0-59942F40F050}.Debug|iPhoneSimulator.ActiveCfg = Debug|Any CPU
		{34968491-7A7F-4D94-87B0-59942F40F050}.Debug|iPhoneSimulator.Build.0 = Debug|Any CPU
		{34968491-7A7F-4D94-87B0-59942F40F050}.Debug|x64.ActiveCfg = Debug|Any CPU
		{34968491-7A7F-4D94-87B0-59942F40F050}.Debug|x64.Build.0 = Debug|Any CPU
		{34968491-7A7F-4D94-87B0-59942F40F050}.Debug|x86.ActiveCfg = Debug|Any CPU
		{34968491-7A7F-4D94-87B0-59942F40F050}.Debug|x86.Build.0 = Debug|Any CPU
		{34968491-7A7F-4D94-87B0-59942F40F050}.Release|Any CPU.ActiveCfg = Release|Any CPU
		{34968491-7A7F-4D94-87B0-59942F40F050}.Release|Any CPU.Build.0 = Release|Any CPU
		{34968491-7A7F-4D94-87B0-59942F40F050}.Release|ARM.ActiveCfg = Release|Any CPU
		{34968491-7A7F-4D94-87B0-59942F40F050}.Release|ARM.Build.0 = Release|Any CPU
		{34968491-7A7F-4D94-87B0-59942F40F050}.Release|iPhone.ActiveCfg = Release|Any CPU
		{34968491-7A7F-4D94-87B0-59942F40F050}.Release|iPhone.Build.0 = Release|Any CPU
		{34968491-7A7F-4D94-87B0-59942F40F050}.Release|iPhoneSimulator.ActiveCfg = Release|Any CPU
		{34968491-7A7F-4D94-87B0-59942F40F050}.Release|iPhoneSimulator.Build.0 = Release|Any CPU
		{34968491-7A7F-4D94-87B0-59942F40F050}.Release|x64.ActiveCfg = Release|Any CPU
		{34968491-7A7F-4D94-87B0-59942F40F050}.Release|x64.Build.0 = Release|Any CPU
		{34968491-7A7F-4D94-87B0-59942F40F050}.Release|x86.ActiveCfg = Release|Any CPU
		{34968491-7A7F-4D94-87B0-59942F40F050}.Release|x86.Build.0 = Release|Any CPU
		{A18D12A0-2017-4C78-BBD4-64608D1F09C7}.Debug|Any CPU.ActiveCfg = Debug|Any CPU
		{A18D12A0-2017-4C78-BBD4-64608D1F09C7}.Debug|Any CPU.Build.0 = Debug|Any CPU
		{A18D12A0-2017-4C78-BBD4-64608D1F09C7}.Debug|ARM.ActiveCfg = Debug|Any CPU
		{A18D12A0-2017-4C78-BBD4-64608D1F09C7}.Debug|ARM.Build.0 = Debug|Any CPU
		{A18D12A0-2017-4C78-BBD4-64608D1F09C7}.Debug|iPhone.ActiveCfg = Debug|Any CPU
		{A18D12A0-2017-4C78-BBD4-64608D1F09C7}.Debug|iPhone.Build.0 = Debug|Any CPU
		{A18D12A0-2017-4C78-BBD4-64608D1F09C7}.Debug|iPhoneSimulator.ActiveCfg = Debug|Any CPU
		{A18D12A0-2017-4C78-BBD4-64608D1F09C7}.Debug|iPhoneSimulator.Build.0 = Debug|Any CPU
		{A18D12A0-2017-4C78-BBD4-64608D1F09C7}.Debug|x64.ActiveCfg = Debug|Any CPU
		{A18D12A0-2017-4C78-BBD4-64608D1F09C7}.Debug|x64.Build.0 = Debug|Any CPU
		{A18D12A0-2017-4C78-BBD4-64608D1F09C7}.Debug|x86.ActiveCfg = Debug|Any CPU
		{A18D12A0-2017-4C78-BBD4-64608D1F09C7}.Debug|x86.Build.0 = Debug|Any CPU
		{A18D12A0-2017-4C78-BBD4-64608D1F09C7}.Release|Any CPU.ActiveCfg = Release|Any CPU
		{A18D12A0-2017-4C78-BBD4-64608D1F09C7}.Release|Any CPU.Build.0 = Release|Any CPU
		{A18D12A0-2017-4C78-BBD4-64608D1F09C7}.Release|ARM.ActiveCfg = Release|Any CPU
		{A18D12A0-2017-4C78-BBD4-64608D1F09C7}.Release|ARM.Build.0 = Release|Any CPU
		{A18D12A0-2017-4C78-BBD4-64608D1F09C7}.Release|iPhone.ActiveCfg = Release|Any CPU
		{A18D12A0-2017-4C78-BBD4-64608D1F09C7}.Release|iPhone.Build.0 = Release|Any CPU
		{A18D12A0-2017-4C78-BBD4-64608D1F09C7}.Release|iPhoneSimulator.ActiveCfg = Release|Any CPU
		{A18D12A0-2017-4C78-BBD4-64608D1F09C7}.Release|iPhoneSimulator.Build.0 = Release|Any CPU
		{A18D12A0-2017-4C78-BBD4-64608D1F09C7}.Release|x64.ActiveCfg = Release|Any CPU
		{A18D12A0-2017-4C78-BBD4-64608D1F09C7}.Release|x64.Build.0 = Release|Any CPU
		{A18D12A0-2017-4C78-BBD4-64608D1F09C7}.Release|x86.ActiveCfg = Release|Any CPU
		{A18D12A0-2017-4C78-BBD4-64608D1F09C7}.Release|x86.Build.0 = Release|Any CPU
		{2BB9E02D-ADB3-42BB-8660-C590C5EA8E2F}.Debug|Any CPU.ActiveCfg = Debug|Any CPU
		{2BB9E02D-ADB3-42BB-8660-C590C5EA8E2F}.Debug|Any CPU.Build.0 = Debug|Any CPU
		{2BB9E02D-ADB3-42BB-8660-C590C5EA8E2F}.Debug|ARM.ActiveCfg = Debug|Any CPU
		{2BB9E02D-ADB3-42BB-8660-C590C5EA8E2F}.Debug|ARM.Build.0 = Debug|Any CPU
		{2BB9E02D-ADB3-42BB-8660-C590C5EA8E2F}.Debug|iPhone.ActiveCfg = Debug|Any CPU
		{2BB9E02D-ADB3-42BB-8660-C590C5EA8E2F}.Debug|iPhone.Build.0 = Debug|Any CPU
		{2BB9E02D-ADB3-42BB-8660-C590C5EA8E2F}.Debug|iPhoneSimulator.ActiveCfg = Debug|Any CPU
		{2BB9E02D-ADB3-42BB-8660-C590C5EA8E2F}.Debug|iPhoneSimulator.Build.0 = Debug|Any CPU
		{2BB9E02D-ADB3-42BB-8660-C590C5EA8E2F}.Debug|x64.ActiveCfg = Debug|Any CPU
		{2BB9E02D-ADB3-42BB-8660-C590C5EA8E2F}.Debug|x64.Build.0 = Debug|Any CPU
		{2BB9E02D-ADB3-42BB-8660-C590C5EA8E2F}.Debug|x86.ActiveCfg = Debug|Any CPU
		{2BB9E02D-ADB3-42BB-8660-C590C5EA8E2F}.Debug|x86.Build.0 = Debug|Any CPU
		{2BB9E02D-ADB3-42BB-8660-C590C5EA8E2F}.Release|Any CPU.ActiveCfg = Release|Any CPU
		{2BB9E02D-ADB3-42BB-8660-C590C5EA8E2F}.Release|Any CPU.Build.0 = Release|Any CPU
		{2BB9E02D-ADB3-42BB-8660-C590C5EA8E2F}.Release|ARM.ActiveCfg = Release|Any CPU
		{2BB9E02D-ADB3-42BB-8660-C590C5EA8E2F}.Release|ARM.Build.0 = Release|Any CPU
		{2BB9E02D-ADB3-42BB-8660-C590C5EA8E2F}.Release|iPhone.ActiveCfg = Release|Any CPU
		{2BB9E02D-ADB3-42BB-8660-C590C5EA8E2F}.Release|iPhone.Build.0 = Release|Any CPU
		{2BB9E02D-ADB3-42BB-8660-C590C5EA8E2F}.Release|iPhoneSimulator.ActiveCfg = Release|Any CPU
		{2BB9E02D-ADB3-42BB-8660-C590C5EA8E2F}.Release|iPhoneSimulator.Build.0 = Release|Any CPU
		{2BB9E02D-ADB3-42BB-8660-C590C5EA8E2F}.Release|x64.ActiveCfg = Release|Any CPU
		{2BB9E02D-ADB3-42BB-8660-C590C5EA8E2F}.Release|x64.Build.0 = Release|Any CPU
		{2BB9E02D-ADB3-42BB-8660-C590C5EA8E2F}.Release|x86.ActiveCfg = Release|Any CPU
		{2BB9E02D-ADB3-42BB-8660-C590C5EA8E2F}.Release|x86.Build.0 = Release|Any CPU
		{10A109E5-D0F8-47CC-9B7C-D023B56CBB38}.Debug|Any CPU.ActiveCfg = Debug|Any CPU
		{10A109E5-D0F8-47CC-9B7C-D023B56CBB38}.Debug|Any CPU.Build.0 = Debug|Any CPU
		{10A109E5-D0F8-47CC-9B7C-D023B56CBB38}.Debug|ARM.ActiveCfg = Debug|Any CPU
		{10A109E5-D0F8-47CC-9B7C-D023B56CBB38}.Debug|ARM.Build.0 = Debug|Any CPU
		{10A109E5-D0F8-47CC-9B7C-D023B56CBB38}.Debug|iPhone.ActiveCfg = Debug|Any CPU
		{10A109E5-D0F8-47CC-9B7C-D023B56CBB38}.Debug|iPhone.Build.0 = Debug|Any CPU
		{10A109E5-D0F8-47CC-9B7C-D023B56CBB38}.Debug|iPhoneSimulator.ActiveCfg = Debug|Any CPU
		{10A109E5-D0F8-47CC-9B7C-D023B56CBB38}.Debug|iPhoneSimulator.Build.0 = Debug|Any CPU
		{10A109E5-D0F8-47CC-9B7C-D023B56CBB38}.Debug|x64.ActiveCfg = Debug|Any CPU
		{10A109E5-D0F8-47CC-9B7C-D023B56CBB38}.Debug|x64.Build.0 = Debug|Any CPU
		{10A109E5-D0F8-47CC-9B7C-D023B56CBB38}.Debug|x86.ActiveCfg = Debug|Any CPU
		{10A109E5-D0F8-47CC-9B7C-D023B56CBB38}.Debug|x86.Build.0 = Debug|Any CPU
		{10A109E5-D0F8-47CC-9B7C-D023B56CBB38}.Release|Any CPU.ActiveCfg = Release|Any CPU
		{10A109E5-D0F8-47CC-9B7C-D023B56CBB38}.Release|Any CPU.Build.0 = Release|Any CPU
		{10A109E5-D0F8-47CC-9B7C-D023B56CBB38}.Release|ARM.ActiveCfg = Release|Any CPU
		{10A109E5-D0F8-47CC-9B7C-D023B56CBB38}.Release|ARM.Build.0 = Release|Any CPU
		{10A109E5-D0F8-47CC-9B7C-D023B56CBB38}.Release|iPhone.ActiveCfg = Release|Any CPU
		{10A109E5-D0F8-47CC-9B7C-D023B56CBB38}.Release|iPhone.Build.0 = Release|Any CPU
		{10A109E5-D0F8-47CC-9B7C-D023B56CBB38}.Release|iPhoneSimulator.ActiveCfg = Release|Any CPU
		{10A109E5-D0F8-47CC-9B7C-D023B56CBB38}.Release|iPhoneSimulator.Build.0 = Release|Any CPU
		{10A109E5-D0F8-47CC-9B7C-D023B56CBB38}.Release|x64.ActiveCfg = Release|Any CPU
		{10A109E5-D0F8-47CC-9B7C-D023B56CBB38}.Release|x64.Build.0 = Release|Any CPU
		{10A109E5-D0F8-47CC-9B7C-D023B56CBB38}.Release|x86.ActiveCfg = Release|Any CPU
		{10A109E5-D0F8-47CC-9B7C-D023B56CBB38}.Release|x86.Build.0 = Release|Any CPU
	EndGlobalSection
	GlobalSection(SolutionProperties) = preSolution
		HideSolutionNode = FALSE
	EndGlobalSection
	GlobalSection(ExtensibilityGlobals) = postSolution
		SolutionGuid = {11E56202-CDA4-4A43-B2C6-CA8CF9CDA6BC}
	EndGlobalSection
EndGlobal
